
Microsoft Visual Studio Solution File, Format Version 12.00
# Visual Studio Version 16
VisualStudioVersion = 16.0.30711.63
MinimumVisualStudioVersion = 10.0.40219.1
Project("{FAE04EC0-301F-11D3-BF4B-00C04F79EFBC}") = "FinalMatrix", "FinalMatrix\FinalMatrix.csproj", "{57F2E07B-7391-4ECE-A5EC-C0720C9DA2D4}"
EndProject
Global
	GlobalSection(SolutionConfigurationPlatforms) = preSolution
		Debug|Any CPU = Debug|Any CPU
		Release|Any CPU = Release|Any CPU
	EndGlobalSection
	GlobalSection(ProjectConfigurationPlatforms) = postSolution
		{57F2E07B-7391-4ECE-A5EC-C0720C9DA2D4}.Debug|Any CPU.ActiveCfg = Debug|Any CPU
		{57F2E07B-7391-4ECE-A5EC-C0720C9DA2D4}.Debug|Any CPU.Build.0 = Debug|Any CPU
		{57F2E07B-7391-4ECE-A5EC-C0720C9DA2D4}.Release|Any CPU.ActiveCfg = Release|Any CPU
		{57F2E07B-7391-4ECE-A5EC-C0720C9DA2D4}.Release|Any CPU.Build.0 = Release|Any CPU
	EndGlobalSection
	GlobalSection(SolutionProperties) = preSolution
		HideSolutionNode = FALSE
	EndGlobalSection
	GlobalSection(ExtensibilityGlobals) = postSolution
		SolutionGuid = {FF62BBA9-BFEC-47A4-954B-12605C1DB2D7}
	EndGlobalSection
EndGlobal
