
Microsoft Visual Studio Solution File, Format Version 12.00
# Visual Studio Version 16
VisualStudioVersion = 16.0.30711.63
MinimumVisualStudioVersion = 10.0.40219.1
Project("{FAE04EC0-301F-11D3-BF4B-00C04F79EFBC}") = "gradesCalc", "gradesCalc\gradesCalc.csproj", "{882F4699-E16F-4AD7-9E12-0A0B477DD544}"
EndProject
Global
	GlobalSection(SolutionConfigurationPlatforms) = preSolution
		Debug|Any CPU = Debug|Any CPU
		Release|Any CPU = Release|Any CPU
	EndGlobalSection
	GlobalSection(ProjectConfigurationPlatforms) = postSolution
		{882F4699-E16F-4AD7-9E12-0A0B477DD544}.Debug|Any CPU.ActiveCfg = Debug|Any CPU
		{882F4699-E16F-4AD7-9E12-0A0B477DD544}.Debug|Any CPU.Build.0 = Debug|Any CPU
		{882F4699-E16F-4AD7-9E12-0A0B477DD544}.Release|Any CPU.ActiveCfg = Release|Any CPU
		{882F4699-E16F-4AD7-9E12-0A0B477DD544}.Release|Any CPU.Build.0 = Release|Any CPU
	EndGlobalSection
	GlobalSection(SolutionProperties) = preSolution
		HideSolutionNode = FALSE
	EndGlobalSection
	GlobalSection(ExtensibilityGlobals) = postSolution
		SolutionGuid = {06D31117-5923-4AC8-A25D-6CA2C2ACCE24}
	EndGlobalSection
EndGlobal
